{
  "name": "test_suite",
  "version": "1.0.0",
  "lockfileVersion": 2,
  "requires": true,
  "packages": {
    "": {
      "name": "test_suite",
      "version": "1.0.0",
      "license": "ISC",
      "dependencies": {
        "test_lib": "file:../test_lib"
      }
    },
    "../test_lib": {
      "version": "1.0.0",
      "license": "ISC"
    },
    "node_modules/test_lib": {
      "resolved": "../test_lib",
      "link": true
    }
  },
  "dependencies": {
    "test_lib": {
      "version": "file:../test_lib"
    }
  }
}
